
Microsoft Visual Studio Solution File, Format Version 12.00
# Visual Studio 2012
Project("{FAE04EC0-301F-11D3-BF4B-00C04F79EFBC}") = "ConsoleAppNinject", "ConsoleAppNinject\ConsoleAppNinject.csproj", "{27F99FE8-75B8-4780-8C5F-195C5263C2F6}"
EndProject
Project("{FAE04EC0-301F-11D3-BF4B-00C04F79EFBC}") = "ConsoleAppNinject.Core", "ConsoleAppNinject.Core\ConsoleAppNinject.Core.csproj", "{219642E4-52AC-49F2-B181-40D4EFED7086}"
EndProject
Project("{FAE04EC0-301F-11D3-BF4B-00C04F79EFBC}") = "ConsoleAppNinject.Data", "ConsoleAppNinject.Data\ConsoleAppNinject.Data.csproj", "{83490221-0B38-4348-9441-CECABB512985}"
EndProject
Project("{FAE04EC0-301F-11D3-BF4B-00C04F79EFBC}") = "ConsoleAppNinject.Service", "ConsoleAppNinject.Service\ConsoleAppNinject.Service.csproj", "{16220A38-934F-4307-9F55-A37B6D4E10BC}"
EndProject
Global
	GlobalSection(SolutionConfigurationPlatforms) = preSolution
		Debug|Any CPU = Debug|Any CPU
		Release|Any CPU = Release|Any CPU
	EndGlobalSection
	GlobalSection(ProjectConfigurationPlatforms) = postSolution
		{27F99FE8-75B8-4780-8C5F-195C5263C2F6}.Debug|Any CPU.ActiveCfg = Debug|Any CPU
		{27F99FE8-75B8-4780-8C5F-195C5263C2F6}.Debug|Any CPU.Build.0 = Debug|Any CPU
		{27F99FE8-75B8-4780-8C5F-195C5263C2F6}.Release|Any CPU.ActiveCfg = Release|Any CPU
		{27F99FE8-75B8-4780-8C5F-195C5263C2F6}.Release|Any CPU.Build.0 = Release|Any CPU
		{219642E4-52AC-49F2-B181-40D4EFED7086}.Debug|Any CPU.ActiveCfg = Debug|Any CPU
		{219642E4-52AC-49F2-B181-40D4EFED7086}.Debug|Any CPU.Build.0 = Debug|Any CPU
		{219642E4-52AC-49F2-B181-40D4EFED7086}.Release|Any CPU.ActiveCfg = Release|Any CPU
		{219642E4-52AC-49F2-B181-40D4EFED7086}.Release|Any CPU.Build.0 = Release|Any CPU
		{83490221-0B38-4348-9441-CECABB512985}.Debug|Any CPU.ActiveCfg = Debug|Any CPU
		{83490221-0B38-4348-9441-CECABB512985}.Debug|Any CPU.Build.0 = Debug|Any CPU
		{83490221-0B38-4348-9441-CECABB512985}.Release|Any CPU.ActiveCfg = Release|Any CPU
		{83490221-0B38-4348-9441-CECABB512985}.Release|Any CPU.Build.0 = Release|Any CPU
		{16220A38-934F-4307-9F55-A37B6D4E10BC}.Debug|Any CPU.ActiveCfg = Debug|Any CPU
		{16220A38-934F-4307-9F55-A37B6D4E10BC}.Debug|Any CPU.Build.0 = Debug|Any CPU
		{16220A38-934F-4307-9F55-A37B6D4E10BC}.Release|Any CPU.ActiveCfg = Release|Any CPU
		{16220A38-934F-4307-9F55-A37B6D4E10BC}.Release|Any CPU.Build.0 = Release|Any CPU
	EndGlobalSection
	GlobalSection(SolutionProperties) = preSolution
		HideSolutionNode = FALSE
	EndGlobalSection
EndGlobal
